{
  "version": 4,
  "terraform_version": "1.8.5",
  "serial": 5,
  "lineage": "09706633-1169-a7d8-3253-3e112d1b8135",
  "outputs": {},
  "resources": [
    {
      "module": "module.archita",
      "mode": "managed",
      "type": "newrelic_alert_policy",
      "name": "modular-policy",
      "provider": "module.archita.provider[\"registry.terraform.io/newrelic/newrelic\"]",
      "instances": [
        {
          "schema_version": 0,
          "attributes": {
            "account_id": 4438277,
            "channel_ids": null,
            "id": "5489835",
            "incident_preference": "PER_POLICY",
            "name": "alert2"
          },
          "sensitive_attributes": [],
          "private": "bnVsbA=="
        }
      ]
    },
    {
      "module": "module.archita",
      "mode": "managed",
      "type": "newrelic_nrql_alert_condition",
      "name": "modular-policy",
      "provider": "module.archita.provider[\"registry.terraform.io/newrelic/newrelic\"]",
      "instances": [
        {
          "schema_version": 0,
          "attributes": {
            "account_id": 4438277,
            "aggregation_delay": "120",
            "aggregation_method": "event_flow",
            "aggregation_timer": null,
            "aggregation_window": 60,
            "baseline_direction": null,
            "close_violations_on_expiration": true,
            "critical": [
              {
                "duration": 0,
                "operator": "above",
                "threshold": 5.5,
                "threshold_duration": 300,
                "threshold_occurrences": "all",
                "time_function": ""
              }
            ],
            "description": "Alert when transactions are taking too long",
            "enabled": true,
            "entity_guid": "NDQzODI3N3xBSU9QU3xDT05ESVRJT058NDMyNzM4MDg",
            "evaluation_delay": null,
            "expiration_duration": 120,
            "fill_option": "static",
            "fill_value": 1,
            "id": "5489835:43273808",
            "name": "foo",
            "nrql": [
              {
                "evaluation_offset": 0,
                "query": "SELECT average(duration) FROM Transaction where appName = 'Your App'",
                "since_value": ""
              }
            ],
            "open_violation_on_expiration": true,
            "policy_id": 5489835,
            "runbook_url": "https://www.example.com",
            "slide_by": 30,
            "term": [],
            "timeouts": null,
            "type": "static",
            "violation_time_limit": "ONE_HOUR",
            "violation_time_limit_seconds": 3600,
            "warning": [
              {
                "duration": 0,
                "operator": "above",
                "threshold": 3.5,
                "threshold_duration": 600,
                "threshold_occurrences": "all",
                "time_function": ""
              }
            ]
          },
          "sensitive_attributes": [],
          "private": "eyJlMmJmYjczMC1lY2FhLTExZTYtOGY4OC0zNDM2M2JjN2M0YzAiOnsiY3JlYXRlIjozMDAwMDAwMDAwMH19",
          "dependencies": [
            "module.archita.newrelic_alert_policy.modular-policy"
          ]
        }
      ]
    }
  ],
  "check_results": null
}
